// !$*UTF8*$!
{
	archiveVersion = 1;
	classes = {
	};
	objectVersion = 50;
	objects = {

/* Begin PBXBuildFile section */
		4B38EA4125DFF58800DD2D0D /* AppDelegate.swift in Sources */ = {isa = PBXBuildFile; fileRef = 4B38EA4025DFF58800DD2D0D /* AppDelegate.swift */; };
		4B38EA4325DFF58800DD2D0D /* SceneDelegate.swift in Sources */ = {isa = PBXBuildFile; fileRef = 4B38EA4225DFF58800DD2D0D /* SceneDelegate.swift */; };
		4B38EA4525DFF58800DD2D0D /* ViewController.swift in Sources */ = {isa = PBXBuildFile; fileRef = 4B38EA4425DFF58800DD2D0D /* ViewController.swift */; };
		4B38EA4825DFF58800DD2D0D /* Main.storyboard in Resources */ = {isa = PBXBuildFile; fileRef = 4B38EA4625DFF58800DD2D0D /* Main.storyboard */; };
		4B38EA4A25DFF58900DD2D0D /* Assets.xcassets in Resources */ = {isa = PBXBuildFile; fileRef = 4B38EA4925DFF58900DD2D0D /* Assets.xcassets */; };
		4B38EA4D25DFF58900DD2D0D /* LaunchScreen.storyboard in Resources */ = {isa = PBXBuildFile; fileRef = 4B38EA4B25DFF58900DD2D0D /* LaunchScreen.storyboard */; };
		4B6CC2DD25E551B500AD88C6 /* placementView.swift in Sources */ = {isa = PBXBuildFile; fileRef = 4B6CC2DC25E551B500AD88C6 /* placementView.swift */; };
		4B7632AD25FFCA5D000F7F39 /* arrowSwipeUp.swift in Sources */ = {isa = PBXBuildFile; fileRef = 4B7632AC25FFCA5D000F7F39 /* arrowSwipeUp.swift */; };
/* End PBXBuildFile section */

/* Begin PBXFileReference section */
		4B38EA3D25DFF58800DD2D0D /* Instagrid.app */ = {isa = PBXFileReference; explicitFileType = wrapper.application; includeInIndex = 0; path = Instagrid.app; sourceTree = BUILT_PRODUCTS_DIR; };
		4B38EA4025DFF58800DD2D0D /* AppDelegate.swift */ = {isa = PBXFileReference; lastKnownFileType = sourcecode.swift; path = AppDelegate.swift; sourceTree = "<group>"; };
		4B38EA4225DFF58800DD2D0D /* SceneDelegate.swift */ = {isa = PBXFileReference; lastKnownFileType = sourcecode.swift; path = SceneDelegate.swift; sourceTree = "<group>"; };
		4B38EA4425DFF58800DD2D0D /* ViewController.swift */ = {isa = PBXFileReference; lastKnownFileType = sourcecode.swift; path = ViewController.swift; sourceTree = "<group>"; };
		4B38EA4725DFF58800DD2D0D /* Base */ = {isa = PBXFileReference; lastKnownFileType = file.storyboard; name = Base; path = Base.lproj/Main.storyboard; sourceTree = "<group>"; };
		4B38EA4925DFF58900DD2D0D /* Assets.xcassets */ = {isa = PBXFileReference; lastKnownFileType = folder.assetcatalog; path = Assets.xcassets; sourceTree = "<group>"; };
		4B38EA4C25DFF58900DD2D0D /* Base */ = {isa = PBXFileReference; lastKnownFileType = file.storyboard; name = Base; path = Base.lproj/LaunchScreen.storyboard; sourceTree = "<group>"; };
		4B38EA4E25DFF58900DD2D0D /* Info.plist */ = {isa = PBXFileReference; lastKnownFileType = text.plist.xml; path = Info.plist; sourceTree = "<group>"; };
		4B38EA5B25DFF7A900DD2D0D /* ThirstySoftRegular.otf */ = {isa = PBXFileReference; lastKnownFileType = file; name = ThirstySoftRegular.otf; path = ../../../../../../Downloads/ThirstySoftRegular.otf; sourceTree = "<group>"; };
		4B38EA5C25DFF7A900DD2D0D /* Delm-Medium.otf */ = {isa = PBXFileReference; lastKnownFileType = file; name = "Delm-Medium.otf"; path = "../../../../../../Downloads/Delm-Medium.otf"; sourceTree = "<group>"; };
		4B6CC2DC25E551B500AD88C6 /* placementView.swift */ = {isa = PBXFileReference; lastKnownFileType = sourcecode.swift; path = placementView.swift; sourceTree = "<group>"; };
		4B7632AC25FFCA5D000F7F39 /* arrowSwipeUp.swift */ = {isa = PBXFileReference; lastKnownFileType = sourcecode.swift; path = arrowSwipeUp.swift; sourceTree = "<group>"; };
/* End PBXFileReference section */

/* Begin PBXFrameworksBuildPhase section */
		4B38EA3A25DFF58800DD2D0D /* Frameworks */ = {
			isa = PBXFrameworksBuildPhase;
			buildActionMask = 2147483647;
			files = (
			);
			runOnlyForDeploymentPostprocessing = 0;
		};
/* End PBXFrameworksBuildPhase section */

/* Begin PBXGroup section */
		4B38EA3425DFF58800DD2D0D = {
			isa = PBXGroup;
			children = (
				4B38EA3F25DFF58800DD2D0D /* Instagrid */,
				4B38EA3E25DFF58800DD2D0D /* Products */,
			);
			sourceTree = "<group>";
		};
		4B38EA3E25DFF58800DD2D0D /* Products */ = {
			isa = PBXGroup;
			children = (
				4B38EA3D25DFF58800DD2D0D /* Instagrid.app */,
			);
			name = Products;
			sourceTree = "<group>";
		};
		4B38EA3F25DFF58800DD2D0D /* Instagrid */ = {
			isa = PBXGroup;
			children = (
				4B38EA5825DFF5BB00DD2D0D /* Supporting files */,
				4B38EA5725DFF5B000DD2D0D /* Controller */,
				4B38EA5625DFF5A800DD2D0D /* Model */,
				4B38EA5525DFF59A00DD2D0D /* View */,
				4B38EA4E25DFF58900DD2D0D /* Info.plist */,
			);
			path = Instagrid;
			sourceTree = "<group>";
		};
		4B38EA5525DFF59A00DD2D0D /* View */ = {
			isa = PBXGroup;
			children = (
				4B38EA4625DFF58800DD2D0D /* Main.storyboard */,
				4B6CC2DC25E551B500AD88C6 /* placementView.swift */,
				4B7632AC25FFCA5D000F7F39 /* arrowSwipeUp.swift */,
			);
			path = View;
			sourceTree = "<group>";
		};
		4B38EA5625DFF5A800DD2D0D /* Model */ = {
			isa = PBXGroup;
			children = (
			);
			path = Model;
			sourceTree = "<group>";
		};
		4B38EA5725DFF5B000DD2D0D /* Controller */ = {
			isa = PBXGroup;
			children = (
				4B38EA4425DFF58800DD2D0D /* ViewController.swift */,
			);
			path = Controller;
			sourceTree = "<group>";
		};
		4B38EA5825DFF5BB00DD2D0D /* Supporting files */ = {
			isa = PBXGroup;
			children = (
				4B38EA4025DFF58800DD2D0D /* AppDelegate.swift */,
				4B38EA4225DFF58800DD2D0D /* SceneDelegate.swift */,
				4B38EA4925DFF58900DD2D0D /* Assets.xcassets */,
				4B38EA5C25DFF7A900DD2D0D /* Delm-Medium.otf */,
				4B38EA5B25DFF7A900DD2D0D /* ThirstySoftRegular.otf */,
				4B38EA4B25DFF58900DD2D0D /* LaunchScreen.storyboard */,
			);
			path = "Supporting files";
			sourceTree = "<group>";
		};
/* End PBXGroup section */

/* Begin PBXNativeTarget section */
		4B38EA3C25DFF58800DD2D0D /* Instagrid */ = {
			isa = PBXNativeTarget;
			buildConfigurationList = 4B38EA5125DFF58900DD2D0D /* Build configuration list for PBXNativeTarget "Instagrid" */;
			buildPhases = (
				4B38EA3925DFF58800DD2D0D /* Sources */,
				4B38EA3A25DFF58800DD2D0D /* Frameworks */,
				4B38EA3B25DFF58800DD2D0D /* Resources */,
			);
			buildRules = (
			);
			dependencies = (
			);
			name = Instagrid;
			productName = Instagrid;
			productReference = 4B38EA3D25DFF58800DD2D0D /* Instagrid.app */;
			productType = "com.apple.product-type.application";
		};
/* End PBXNativeTarget section */

/* Begin PBXProject section */
		4B38EA3525DFF58800DD2D0D /* Project object */ = {
			isa = PBXProject;
			attributes = {
				LastSwiftUpdateCheck = 1240;
				LastUpgradeCheck = 1240;
				TargetAttributes = {
					4B38EA3C25DFF58800DD2D0D = {
						CreatedOnToolsVersion = 12.4;
					};
				};
			};
			buildConfigurationList = 4B38EA3825DFF58800DD2D0D /* Build configuration list for PBXProject "Instagrid" */;
			compatibilityVersion = "Xcode 9.3";
			developmentRegion = en;
			hasScannedForEncodings = 0;
			knownRegions = (
				en,
				Base,
			);
			mainGroup = 4B38EA3425DFF58800DD2D0D;
			productRefGroup = 4B38EA3E25DFF58800DD2D0D /* Products */;
			projectDirPath = "";
			projectRoot = "";
			targets = (
				4B38EA3C25DFF58800DD2D0D /* Instagrid */,
			);
		};
/* End PBXProject section */

/* Begin PBXResourcesBuildPhase section */
		4B38EA3B25DFF58800DD2D0D /* Resources */ = {
			isa = PBXResourcesBuildPhase;
			buildActionMask = 2147483647;
			files = (
				4B38EA4D25DFF58900DD2D0D /* LaunchScreen.storyboard in Resources */,
				4B38EA4A25DFF58900DD2D0D /* Assets.xcassets in Resources */,
				4B38EA4825DFF58800DD2D0D /* Main.storyboard in Resources */,
			);
			runOnlyForDeploymentPostprocessing = 0;
		};
/* End PBXResourcesBuildPhase section */

/* Begin PBXSourcesBuildPhase section */
		4B38EA3925DFF58800DD2D0D /* Sources */ = {
			isa = PBXSourcesBuildPhase;
			buildActionMask = 2147483647;
			files = (
				4B7632AD25FFCA5D000F7F39 /* arrowSwipeUp.swift in Sources */,
				4B6CC2DD25E551B500AD88C6 /* placementView.swift in Sources */,
				4B38EA4525DFF58800DD2D0D /* ViewController.swift in Sources */,
				4B38EA4125DFF58800DD2D0D /* AppDelegate.swift in Sources */,
				4B38EA4325DFF58800DD2D0D /* SceneDelegate.swift in Sources */,
			);
			runOnlyForDeploymentPostprocessing = 0;
		};
/* End PBXSourcesBuildPhase section */

/* Begin PBXVariantGroup section */
		4B38EA4625DFF58800DD2D0D /* Main.storyboard */ = {
			isa = PBXVariantGroup;
			children = (
				4B38EA4725DFF58800DD2D0D /* Base */,
			);
			name = Main.storyboard;
			sourceTree = "<group>";
		};
		4B38EA4B25DFF58900DD2D0D /* LaunchScreen.storyboard */ = {
			isa = PBXVariantGroup;
			children = (
				4B38EA4C25DFF58900DD2D0D /* Base */,
			);
			name = LaunchScreen.storyboard;
			sourceTree = "<group>";
		};
/* End PBXVariantGroup section */

/* Begin XCBuildConfiguration section */
		4B38EA4F25DFF58900DD2D0D /* Debug */ = {
			isa = XCBuildConfiguration;
			buildSettings = {
				ALWAYS_SEARCH_USER_PATHS = NO;
				CLANG_ANALYZER_NONNULL = YES;
				CLANG_ANALYZER_NUMBER_OBJECT_CONVERSION = YES_AGGRESSIVE;
				CLANG_CXX_LANGUAGE_STANDARD = "gnu++14";
				CLANG_CXX_LIBRARY = "libc++";
				CLANG_ENABLE_MODULES = YES;
				CLANG_ENABLE_OBJC_ARC = YES;
				CLANG_ENABLE_OBJC_WEAK = YES;
				CLANG_WARN_BLOCK_CAPTURE_AUTORELEASING = YES;
				CLANG_WARN_BOOL_CONVERSION = YES;
				CLANG_WARN_COMMA = YES;
				CLANG_WARN_CONSTANT_CONVERSION = YES;
				CLANG_WARN_DEPRECATED_OBJC_IMPLEMENTATIONS = YES;
				CLANG_WARN_DIRECT_OBJC_ISA_USAGE = YES_ERROR;
				CLANG_WARN_DOCUMENTATION_COMMENTS = YES;
				CLANG_WARN_EMPTY_BODY = YES;
				CLANG_WARN_ENUM_CONVERSION = YES;
				CLANG_WARN_INFINITE_RECURSION = YES;
				CLANG_WARN_INT_CONVERSION = YES;
				CLANG_WARN_NON_LITERAL_NULL_CONVERSION = YES;
				CLANG_WARN_OBJC_IMPLICIT_RETAIN_SELF = YES;
				CLANG_WARN_OBJC_LITERAL_CONVERSION = YES;
				CLANG_WARN_OBJC_ROOT_CLASS = YES_ERROR;
				CLANG_WARN_QUOTED_INCLUDE_IN_FRAMEWORK_HEADER = YES;
				CLANG_WARN_RANGE_LOOP_ANALYSIS = YES;
				CLANG_WARN_STRICT_PROTOTYPES = YES;
				CLANG_WARN_SUSPICIOUS_MOVE = YES;
				CLANG_WARN_UNGUARDED_AVAILABILITY = YES_AGGRESSIVE;
				CLANG_WARN_UNREACHABLE_CODE = YES;
				CLANG_WARN__DUPLICATE_METHOD_MATCH = YES;
				COPY_PHASE_STRIP = NO;
				DEBUG_INFORMATION_FORMAT = dwarf;
				ENABLE_STRICT_OBJC_MSGSEND = YES;
				ENABLE_TESTABILITY = YES;
				GCC_C_LANGUAGE_STANDARD = gnu11;
				GCC_DYNAMIC_NO_PIC = NO;
				GCC_NO_COMMON_BLOCKS = YES;
				GCC_OPTIMIZATION_LEVEL = 0;
				GCC_PREPROCESSOR_DEFINITIONS = (
					"DEBUG=1",
					"$(inherited)",
				);
				GCC_WARN_64_TO_32_BIT_CONVERSION = YES;
				GCC_WARN_ABOUT_RETURN_TYPE = YES_ERROR;
				GCC_WARN_UNDECLARED_SELECTOR = YES;
				GCC_WARN_UNINITIALIZED_AUTOS = YES_AGGRESSIVE;
				GCC_WARN_UNUSED_FUNCTION = YES;
				GCC_WARN_UNUSED_VARIABLE = YES;
				IPHONEOS_DEPLOYMENT_TARGET = 14.4;
				MTL_ENABLE_DEBUG_INFO = INCLUDE_SOURCE;
				MTL_FAST_MATH = YES;
				ONLY_ACTIVE_ARCH = YES;
				SDKROOT = iphoneos;
				SWIFT_ACTIVE_COMPILATION_CONDITIONS = DEBUG;
				SWIFT_OPTIMIZATION_LEVEL = "-Onone";
			};
			name = Debug;
		};
		4B38EA5025DFF58900DD2D0D /* Release */ = {
			isa = XCBuildConfiguration;
			buildSettings = {
				ALWAYS_SEARCH_USER_PATHS = NO;
				CLANG_ANALYZER_NONNULL = YES;
				CLANG_ANALYZER_NUMBER_OBJECT_CONVERSION = YES_AGGRESSIVE;
				CLANG_CXX_LANGUAGE_STANDARD = "gnu++14";
				CLANG_CXX_LIBRARY = "libc++";
				CLANG_ENABLE_MODULES = YES;
				CLANG_ENABLE_OBJC_ARC = YES;
				CLANG_ENABLE_OBJC_WEAK = YES;
				CLANG_WARN_BLOCK_CAPTURE_AUTORELEASING = YES;
				CLANG_WARN_BOOL_CONVERSION = YES;
				CLANG_WARN_COMMA = YES;
				CLANG_WARN_CONSTANT_CONVERSION = YES;
				CLANG_WARN_DEPRECATED_OBJC_IMPLEMENTATIONS = YES;
				CLANG_WARN_DIRECT_OBJC_ISA_USAGE = YES_ERROR;
				CLANG_WARN_DOCUMENTATION_COMMENTS = YES;
				CLANG_WARN_EMPTY_BODY = YES;
				CLANG_WARN_ENUM_CONVERSION = YES;
				CLANG_WARN_INFINITE_RECURSION = YES;
				CLANG_WARN_INT_CONVERSION = YES;
				CLANG_WARN_NON_LITERAL_NULL_CONVERSION = YES;
				CLANG_WARN_OBJC_IMPLICIT_RETAIN_SELF = YES;
				CLANG_WARN_OBJC_LITERAL_CONVERSION = YES;
				CLANG_WARN_OBJC_ROOT_CLASS = YES_ERROR;
				CLANG_WARN_QUOTED_INCLUDE_IN_FRAMEWORK_HEADER = YES;
				CLANG_WARN_RANGE_LOOP_ANALYSIS = YES;
				CLANG_WARN_STRICT_PROTOTYPES = YES;
				CLANG_WARN_SUSPICIOUS_MOVE = YES;
				CLANG_WARN_UNGUARDED_AVAILABILITY = YES_AGGRESSIVE;
				CLANG_WARN_UNREACHABLE_CODE = YES;
				CLANG_WARN__DUPLICATE_METHOD_MATCH = YES;
				COPY_PHASE_STRIP = NO;
				DEBUG_INFORMATION_FORMAT = "dwarf-with-dsym";
				ENABLE_NS_ASSERTIONS = NO;
				ENABLE_STRICT_OBJC_MSGSEND = YES;
				GCC_C_LANGUAGE_STANDARD = gnu11;
				GCC_NO_COMMON_BLOCKS = YES;
				GCC_WARN_64_TO_32_BIT_CONVERSION = YES;
				GCC_WARN_ABOUT_RETURN_TYPE = YES_ERROR;
				GCC_WARN_UNDECLARED_SELECTOR = YES;
				GCC_WARN_UNINITIALIZED_AUTOS = YES_AGGRESSIVE;
				GCC_WARN_UNUSED_FUNCTION = YES;
				GCC_WARN_UNUSED_VARIABLE = YES;
				IPHONEOS_DEPLOYMENT_TARGET = 14.4;
				MTL_ENABLE_DEBUG_INFO = NO;
				MTL_FAST_MATH = YES;
				SDKROOT = iphoneos;
				SWIFT_COMPILATION_MODE = wholemodule;
				SWIFT_OPTIMIZATION_LEVEL = "-O";
				VALIDATE_PRODUCT = YES;
			};
			name = Release;
		};
		4B38EA5225DFF58900DD2D0D /* Debug */ = {
			isa = XCBuildConfiguration;
			buildSettings = {
				ASSETCATALOG_COMPILER_APPICON_NAME = AppIcon;
				ASSETCATALOG_COMPILER_GLOBAL_ACCENT_COLOR_NAME = AccentColor;
				CODE_SIGN_STYLE = Automatic;
				DEVELOPMENT_TEAM = 795HCHKU2P;
				INFOPLIST_FILE = Instagrid/Info.plist;
				LD_RUNPATH_SEARCH_PATHS = (
					"$(inherited)",
					"@executable_path/Frameworks",
				);
				PRODUCT_BUNDLE_IDENTIFIER = "Axel-Hoberdon.Instagrid";
				PRODUCT_NAME = "$(TARGET_NAME)";
				SWIFT_VERSION = 5.0;
				TARGETED_DEVICE_FAMILY = "1,2";
			};
			name = Debug;
		};
		4B38EA5325DFF58900DD2D0D /* Release */ = {
			isa = XCBuildConfiguration;
			buildSettings = {
				ASSETCATALOG_COMPILER_APPICON_NAME = AppIcon;
				ASSETCATALOG_COMPILER_GLOBAL_ACCENT_COLOR_NAME = AccentColor;
				CODE_SIGN_STYLE = Automatic;
				DEVELOPMENT_TEAM = 795HCHKU2P;
				INFOPLIST_FILE = Instagrid/Info.plist;
				LD_RUNPATH_SEARCH_PATHS = (
					"$(inherited)",
					"@executable_path/Frameworks",
				);
				PRODUCT_BUNDLE_IDENTIFIER = "Axel-Hoberdon.Instagrid";
				PRODUCT_NAME = "$(TARGET_NAME)";
				SWIFT_VERSION = 5.0;
				TARGETED_DEVICE_FAMILY = "1,2";
			};
			name = Release;
		};
/* End XCBuildConfiguration section */

/* Begin XCConfigurationList section */
		4B38EA3825DFF58800DD2D0D /* Build configuration list for PBXProject "Instagrid" */ = {
			isa = XCConfigurationList;
			buildConfigurations = (
				4B38EA4F25DFF58900DD2D0D /* Debug */,
				4B38EA5025DFF58900DD2D0D /* Release */,
			);
			defaultConfigurationIsVisible = 0;
			defaultConfigurationName = Release;
		};
		4B38EA5125DFF58900DD2D0D /* Build configuration list for PBXNativeTarget "Instagrid" */ = {
			isa = XCConfigurationList;
			buildConfigurations = (
				4B38EA5225DFF58900DD2D0D /* Debug */,
				4B38EA5325DFF58900DD2D0D /* Release */,
			);
			defaultConfigurationIsVisible = 0;
			defaultConfigurationName = Release;
		};
/* End XCConfigurationList section */
	};
	rootObject = 4B38EA3525DFF58800DD2D0D /* Project object */;
}
